
Microsoft Visual Studio Solution File, Format Version 12.00
# Visual Studio Version 17
VisualStudioVersion = 17.9.34622.214
MinimumVisualStudioVersion = 10.0.40219.1
Project("{FAE04EC0-301F-11D3-BF4B-00C04F79EFBC}") = "OopsPrograms", "OopsPrograms\OopsPrograms.csproj", "{6AF04669-2ABC-4E02-8BC8-A0E0CCE59DC2}"
EndProject
Global
	GlobalSection(SolutionConfigurationPlatforms) = preSolution
		Debug|Any CPU = Debug|Any CPU
		Release|Any CPU = Release|Any CPU
	EndGlobalSection
	GlobalSection(ProjectConfigurationPlatforms) = postSolution
		{6AF04669-2ABC-4E02-8BC8-A0E0CCE59DC2}.Debug|Any CPU.ActiveCfg = Debug|Any CPU
		{6AF04669-2ABC-4E02-8BC8-A0E0CCE59DC2}.Debug|Any CPU.Build.0 = Debug|Any CPU
		{6AF04669-2ABC-4E02-8BC8-A0E0CCE59DC2}.Release|Any CPU.ActiveCfg = Release|Any CPU
		{6AF04669-2ABC-4E02-8BC8-A0E0CCE59DC2}.Release|Any CPU.Build.0 = Release|Any CPU
	EndGlobalSection
	GlobalSection(SolutionProperties) = preSolution
		HideSolutionNode = FALSE
	EndGlobalSection
	GlobalSection(ExtensibilityGlobals) = postSolution
		SolutionGuid = {86275509-F128-465F-9C68-8B440E5E4B61}
	EndGlobalSection
EndGlobal
